{
  "pins" : [
    {
      "identity" : "mockmarks",
      "kind" : "remoteSourceControl",
      "location" : "https://github.com/lukecharman/MockMarks",
      "state" : {
        "branch" : "main",
        "revision" : "2ee393c90fea7369f907c4090b277c353a1aeaaa"
      }
    }
  ],
  "version" : 2
}
